
Microsoft Visual Studio Solution File, Format Version 12.00
# Visual Studio Version 16
VisualStudioVersion = 16.0.30717.126
MinimumVisualStudioVersion = 10.0.40219.1
Project("{FAE04EC0-301F-11D3-BF4B-00C04F79EFBC}") = "ScreenScraper", "ScreenScraper.csproj", "{ED2AEB80-D8DA-4A26-AAF2-0ACC07C4CF17}"
EndProject
Global
	GlobalSection(SolutionConfigurationPlatforms) = preSolution
		Debug|Any CPU = Debug|Any CPU
		Release|Any CPU = Release|Any CPU
	EndGlobalSection
	GlobalSection(ProjectConfigurationPlatforms) = postSolution
		{ED2AEB80-D8DA-4A26-AAF2-0ACC07C4CF17}.Debug|Any CPU.ActiveCfg = Debug|Any CPU
		{ED2AEB80-D8DA-4A26-AAF2-0ACC07C4CF17}.Debug|Any CPU.Build.0 = Debug|Any CPU
		{ED2AEB80-D8DA-4A26-AAF2-0ACC07C4CF17}.Release|Any CPU.ActiveCfg = Release|Any CPU
		{ED2AEB80-D8DA-4A26-AAF2-0ACC07C4CF17}.Release|Any CPU.Build.0 = Release|Any CPU
	EndGlobalSection
	GlobalSection(SolutionProperties) = preSolution
		HideSolutionNode = FALSE
	EndGlobalSection
	GlobalSection(ExtensibilityGlobals) = postSolution
		SolutionGuid = {D23E39AF-A5A5-452D-A04C-17242F0A388E}
	EndGlobalSection
EndGlobal
